// !$*UTF8*$!
{
	archiveVersion = 1;
	classes = {
	};
	objectVersion = 56;
	objects = {

/* Begin PBXBuildFile section */
		2AA3FBE92AD3EEB80077EAD6 /* main.m in Sources */ = {isa = PBXBuildFile; fileRef = 2AA3FBE82AD3EEB80077EAD6 /* main.m */; };
		2AA3FBF12AD3F66E0077EAD6 /* ShapeBase.m in Sources */ = {isa = PBXBuildFile; fileRef = 2AA3FBF02AD3F66E0077EAD6 /* ShapeBase.m */; };
		2AA3FBF72AD3FE160077EAD6 /* Shapes.m in Sources */ = {isa = PBXBuildFile; fileRef = 2AA3FBF62AD3FE160077EAD6 /* Shapes.m */; };
/* End PBXBuildFile section */

/* Begin PBXCopyFilesBuildPhase section */
		2AA3FBE32AD3EEB80077EAD6 /* CopyFiles */ = {
			isa = PBXCopyFilesBuildPhase;
			buildActionMask = 2147483647;
			dstPath = /usr/share/man/man1/;
			dstSubfolderSpec = 0;
			files = (
			);
			runOnlyForDeploymentPostprocessing = 1;
		};
/* End PBXCopyFilesBuildPhase section */

/* Begin PBXFileReference section */
		2AA3FBE52AD3EEB80077EAD6 /* Lesson2 */ = {isa = PBXFileReference; explicitFileType = "compiled.mach-o.executable"; includeInIndex = 0; path = Lesson2; sourceTree = BUILT_PRODUCTS_DIR; };
		2AA3FBE82AD3EEB80077EAD6 /* main.m */ = {isa = PBXFileReference; lastKnownFileType = sourcecode.c.objc; path = main.m; sourceTree = "<group>"; };
		2AA3FBEF2AD3F66E0077EAD6 /* ShapeBase.h */ = {isa = PBXFileReference; lastKnownFileType = sourcecode.c.h; path = ShapeBase.h; sourceTree = "<group>"; };
		2AA3FBF02AD3F66E0077EAD6 /* ShapeBase.m */ = {isa = PBXFileReference; lastKnownFileType = sourcecode.c.objc; path = ShapeBase.m; sourceTree = "<group>"; };
		2AA3FBF52AD3FE160077EAD6 /* Shapes.h */ = {isa = PBXFileReference; lastKnownFileType = sourcecode.c.h; path = Shapes.h; sourceTree = "<group>"; };
		2AA3FBF62AD3FE160077EAD6 /* Shapes.m */ = {isa = PBXFileReference; lastKnownFileType = sourcecode.c.objc; path = Shapes.m; sourceTree = "<group>"; };
/* End PBXFileReference section */

/* Begin PBXFrameworksBuildPhase section */
		2AA3FBE22AD3EEB80077EAD6 /* Frameworks */ = {
			isa = PBXFrameworksBuildPhase;
			buildActionMask = 2147483647;
			files = (
			);
			runOnlyForDeploymentPostprocessing = 0;
		};
/* End PBXFrameworksBuildPhase section */

/* Begin PBXGroup section */
		2AA3FBDC2AD3EEB80077EAD6 = {
			isa = PBXGroup;
			children = (
				2AA3FBE72AD3EEB80077EAD6 /* Lesson2 */,
				2AA3FBE62AD3EEB80077EAD6 /* Products */,
			);
			sourceTree = "<group>";
		};
		2AA3FBE62AD3EEB80077EAD6 /* Products */ = {
			isa = PBXGroup;
			children = (
				2AA3FBE52AD3EEB80077EAD6 /* Lesson2 */,
			);
			name = Products;
			sourceTree = "<group>";
		};
		2AA3FBE72AD3EEB80077EAD6 /* Lesson2 */ = {
			isa = PBXGroup;
			children = (
				2AA3FBE82AD3EEB80077EAD6 /* main.m */,
				2AA3FBEF2AD3F66E0077EAD6 /* ShapeBase.h */,
				2AA3FBF02AD3F66E0077EAD6 /* ShapeBase.m */,
				2AA3FBF52AD3FE160077EAD6 /* Shapes.h */,
				2AA3FBF62AD3FE160077EAD6 /* Shapes.m */,
			);
			path = Lesson2;
			sourceTree = "<group>";
		};
/* End PBXGroup section */

/* Begin PBXNativeTarget section */
		2AA3FBE42AD3EEB80077EAD6 /* Lesson2 */ = {
			isa = PBXNativeTarget;
			buildConfigurationList = 2AA3FBEC2AD3EEB80077EAD6 /* Build configuration list for PBXNativeTarget "Lesson2" */;
			buildPhases = (
				2AA3FBE12AD3EEB80077EAD6 /* Sources */,
				2AA3FBE22AD3EEB80077EAD6 /* Frameworks */,
				2AA3FBE32AD3EEB80077EAD6 /* CopyFiles */,
			);
			buildRules = (
			);
			dependencies = (
			);
			name = Lesson2;
			productName = Lesson2;
			productReference = 2AA3FBE52AD3EEB80077EAD6 /* Lesson2 */;
			productType = "com.apple.product-type.tool";
		};
/* End PBXNativeTarget section */

/* Begin PBXProject section */
		2AA3FBDD2AD3EEB80077EAD6 /* Project object */ = {
			isa = PBXProject;
			attributes = {
				BuildIndependentTargetsInParallel = 1;
				LastUpgradeCheck = 1500;
				TargetAttributes = {
					2AA3FBE42AD3EEB80077EAD6 = {
						CreatedOnToolsVersion = 15.0;
					};
				};
			};
			buildConfigurationList = 2AA3FBE02AD3EEB80077EAD6 /* Build configuration list for PBXProject "Lesson2" */;
			compatibilityVersion = "Xcode 14.0";
			developmentRegion = en;
			hasScannedForEncodings = 0;
			knownRegions = (
				en,
				Base,
			);
			mainGroup = 2AA3FBDC2AD3EEB80077EAD6;
			productRefGroup = 2AA3FBE62AD3EEB80077EAD6 /* Products */;
			projectDirPath = "";
			projectRoot = "";
			targets = (
				2AA3FBE42AD3EEB80077EAD6 /* Lesson2 */,
			);
		};
/* End PBXProject section */

/* Begin PBXSourcesBuildPhase section */
		2AA3FBE12AD3EEB80077EAD6 /* Sources */ = {
			isa = PBXSourcesBuildPhase;
			buildActionMask = 2147483647;
			files = (
				2AA3FBF12AD3F66E0077EAD6 /* ShapeBase.m in Sources */,
				2AA3FBE92AD3EEB80077EAD6 /* main.m in Sources */,
				2AA3FBF72AD3FE160077EAD6 /* Shapes.m in Sources */,
			);
			runOnlyForDeploymentPostprocessing = 0;
		};
/* End PBXSourcesBuildPhase section */

/* Begin XCBuildConfiguration section */
		2AA3FBEA2AD3EEB80077EAD6 /* Debug */ = {
			isa = XCBuildConfiguration;
			buildSettings = {
				ALWAYS_SEARCH_USER_PATHS = NO;
				ASSETCATALOG_COMPILER_GENERATE_SWIFT_ASSET_SYMBOL_EXTENSIONS = YES;
				CLANG_ANALYZER_NONNULL = YES;
				CLANG_ANALYZER_NUMBER_OBJECT_CONVERSION = YES_AGGRESSIVE;
				CLANG_CXX_LANGUAGE_STANDARD = "gnu++20";
				CLANG_ENABLE_MODULES = YES;
				CLANG_ENABLE_OBJC_ARC = YES;
				CLANG_ENABLE_OBJC_WEAK = YES;
				CLANG_WARN_BLOCK_CAPTURE_AUTORELEASING = YES;
				CLANG_WARN_BOOL_CONVERSION = YES;
				CLANG_WARN_COMMA = YES;
				CLANG_WARN_CONSTANT_CONVERSION = YES;
				CLANG_WARN_DEPRECATED_OBJC_IMPLEMENTATIONS = YES;
				CLANG_WARN_DIRECT_OBJC_ISA_USAGE = YES_ERROR;
				CLANG_WARN_DOCUMENTATION_COMMENTS = YES;
				CLANG_WARN_EMPTY_BODY = YES;
				CLANG_WARN_ENUM_CONVERSION = YES;
				CLANG_WARN_INFINITE_RECURSION = YES;
				CLANG_WARN_INT_CONVERSION = YES;
				CLANG_WARN_NON_LITERAL_NULL_CONVERSION = YES;
				CLANG_WARN_OBJC_IMPLICIT_RETAIN_SELF = YES;
				CLANG_WARN_OBJC_LITERAL_CONVERSION = YES;
				CLANG_WARN_OBJC_ROOT_CLASS = YES_ERROR;
				CLANG_WARN_QUOTED_INCLUDE_IN_FRAMEWORK_HEADER = YES;
				CLANG_WARN_RANGE_LOOP_ANALYSIS = YES;
				CLANG_WARN_STRICT_PROTOTYPES = YES;
				CLANG_WARN_SUSPICIOUS_MOVE = YES;
				CLANG_WARN_UNGUARDED_AVAILABILITY = YES_AGGRESSIVE;
				CLANG_WARN_UNREACHABLE_CODE = YES;
				CLANG_WARN__DUPLICATE_METHOD_MATCH = YES;
				COPY_PHASE_STRIP = NO;
				DEBUG_INFORMATION_FORMAT = dwarf;
				ENABLE_STRICT_OBJC_MSGSEND = YES;
				ENABLE_TESTABILITY = YES;
				ENABLE_USER_SCRIPT_SANDBOXING = YES;
				GCC_C_LANGUAGE_STANDARD = gnu17;
				GCC_DYNAMIC_NO_PIC = NO;
				GCC_NO_COMMON_BLOCKS = YES;
				GCC_OPTIMIZATION_LEVEL = 0;
				GCC_PREPROCESSOR_DEFINITIONS = (
					"DEBUG=1",
					"$(inherited)",
				);
				GCC_WARN_64_TO_32_BIT_CONVERSION = YES;
				GCC_WARN_ABOUT_RETURN_TYPE = YES_ERROR;
				GCC_WARN_UNDECLARED_SELECTOR = YES;
				GCC_WARN_UNINITIALIZED_AUTOS = YES_AGGRESSIVE;
				GCC_WARN_UNUSED_FUNCTION = YES;
				GCC_WARN_UNUSED_VARIABLE = YES;
				LOCALIZATION_PREFERS_STRING_CATALOGS = YES;
				MACOSX_DEPLOYMENT_TARGET = 14.0;
				MTL_ENABLE_DEBUG_INFO = INCLUDE_SOURCE;
				MTL_FAST_MATH = YES;
				ONLY_ACTIVE_ARCH = YES;
				SDKROOT = macosx;
			};
			name = Debug;
		};
		2AA3FBEB2AD3EEB80077EAD6 /* Release */ = {
			isa = XCBuildConfiguration;
			buildSettings = {
				ALWAYS_SEARCH_USER_PATHS = NO;
				ASSETCATALOG_COMPILER_GENERATE_SWIFT_ASSET_SYMBOL_EXTENSIONS = YES;
				CLANG_ANALYZER_NONNULL = YES;
				CLANG_ANALYZER_NUMBER_OBJECT_CONVERSION = YES_AGGRESSIVE;
				CLANG_CXX_LANGUAGE_STANDARD = "gnu++20";
				CLANG_ENABLE_MODULES = YES;
				CLANG_ENABLE_OBJC_ARC = YES;
				CLANG_ENABLE_OBJC_WEAK = YES;
				CLANG_WARN_BLOCK_CAPTURE_AUTORELEASING = YES;
				CLANG_WARN_BOOL_CONVERSION = YES;
				CLANG_WARN_COMMA = YES;
				CLANG_WARN_CONSTANT_CONVERSION = YES;
				CLANG_WARN_DEPRECATED_OBJC_IMPLEMENTATIONS = YES;
				CLANG_WARN_DIRECT_OBJC_ISA_USAGE = YES_ERROR;
				CLANG_WARN_DOCUMENTATION_COMMENTS = YES;
				CLANG_WARN_EMPTY_BODY = YES;
				CLANG_WARN_ENUM_CONVERSION = YES;
				CLANG_WARN_INFINITE_RECURSION = YES;
				CLANG_WARN_INT_CONVERSION = YES;
				CLANG_WARN_NON_LITERAL_NULL_CONVERSION = YES;
				CLANG_WARN_OBJC_IMPLICIT_RETAIN_SELF = YES;
				CLANG_WARN_OBJC_LITERAL_CONVERSION = YES;
				CLANG_WARN_OBJC_ROOT_CLASS = YES_ERROR;
				CLANG_WARN_QUOTED_INCLUDE_IN_FRAMEWORK_HEADER = YES;
				CLANG_WARN_RANGE_LOOP_ANALYSIS = YES;
				CLANG_WARN_STRICT_PROTOTYPES = YES;
				CLANG_WARN_SUSPICIOUS_MOVE = YES;
				CLANG_WARN_UNGUARDED_AVAILABILITY = YES_AGGRESSIVE;
				CLANG_WARN_UNREACHABLE_CODE = YES;
				CLANG_WARN__DUPLICATE_METHOD_MATCH = YES;
				COPY_PHASE_STRIP = NO;
				DEBUG_INFORMATION_FORMAT = "dwarf-with-dsym";
				ENABLE_NS_ASSERTIONS = NO;
				ENABLE_STRICT_OBJC_MSGSEND = YES;
				ENABLE_USER_SCRIPT_SANDBOXING = YES;
				GCC_C_LANGUAGE_STANDARD = gnu17;
				GCC_NO_COMMON_BLOCKS = YES;
				GCC_WARN_64_TO_32_BIT_CONVERSION = YES;
				GCC_WARN_ABOUT_RETURN_TYPE = YES_ERROR;
				GCC_WARN_UNDECLARED_SELECTOR = YES;
				GCC_WARN_UNINITIALIZED_AUTOS = YES_AGGRESSIVE;
				GCC_WARN_UNUSED_FUNCTION = YES;
				GCC_WARN_UNUSED_VARIABLE = YES;
				LOCALIZATION_PREFERS_STRING_CATALOGS = YES;
				MACOSX_DEPLOYMENT_TARGET = 14.0;
				MTL_ENABLE_DEBUG_INFO = NO;
				MTL_FAST_MATH = YES;
				SDKROOT = macosx;
			};
			name = Release;
		};
		2AA3FBED2AD3EEB80077EAD6 /* Debug */ = {
			isa = XCBuildConfiguration;
			buildSettings = {
				CODE_SIGN_STYLE = Automatic;
				DEVELOPMENT_TEAM = H94WDCFCK6;
				ENABLE_HARDENED_RUNTIME = YES;
				PRODUCT_NAME = "$(TARGET_NAME)";
			};
			name = Debug;
		};
		2AA3FBEE2AD3EEB80077EAD6 /* Release */ = {
			isa = XCBuildConfiguration;
			buildSettings = {
				CODE_SIGN_STYLE = Automatic;
				DEVELOPMENT_TEAM = H94WDCFCK6;
				ENABLE_HARDENED_RUNTIME = YES;
				PRODUCT_NAME = "$(TARGET_NAME)";
			};
			name = Release;
		};
/* End XCBuildConfiguration section */

/* Begin XCConfigurationList section */
		2AA3FBE02AD3EEB80077EAD6 /* Build configuration list for PBXProject "Lesson2" */ = {
			isa = XCConfigurationList;
			buildConfigurations = (
				2AA3FBEA2AD3EEB80077EAD6 /* Debug */,
				2AA3FBEB2AD3EEB80077EAD6 /* Release */,
			);
			defaultConfigurationIsVisible = 0;
			defaultConfigurationName = Release;
		};
		2AA3FBEC2AD3EEB80077EAD6 /* Build configuration list for PBXNativeTarget "Lesson2" */ = {
			isa = XCConfigurationList;
			buildConfigurations = (
				2AA3FBED2AD3EEB80077EAD6 /* Debug */,
				2AA3FBEE2AD3EEB80077EAD6 /* Release */,
			);
			defaultConfigurationIsVisible = 0;
			defaultConfigurationName = Release;
		};
/* End XCConfigurationList section */
	};
	rootObject = 2AA3FBDD2AD3EEB80077EAD6 /* Project object */;
}
